{
    "version": 3,
    "terraform_version": "0.11.10",
    "serial": 53,
    "lineage": "ce67f94d-912e-bc1d-b69f-3ba7b1a39bee",
    "modules": [
        {
            "path": [
                "root"
            ],
            "outputs": {
                "droplet-ip": {
                    "sensitive": false,
                    "type": "string",
                    "value": "157.230.77.31"
                }
            },
            "resources": {
                "data.template_file.cloud-config": {
                    "type": "template_file",
                    "depends_on": [],
                    "primary": {
                        "id": "eeea5b1658aea52eaa1d5dd9fa5aebdd56d696dad05e6f837ba1f6c8fceaef37",
                        "attributes": {
                            "id": "eeea5b1658aea52eaa1d5dd9fa5aebdd56d696dad05e6f837ba1f6c8fceaef37",
                            "rendered": "#cloud-config\n\ncoreos:\n  units:\n    - name: \"docker-webserver.service\"\n      command: \"start\"\n      content: |\n        [Unit]\n        Description=Webserver container\n        Author=Petr Pliska\n        After=docker.service\n        [Service]\n        Restart=always\n        ExecStart=/usr/bin/docker run --name webserver --publish 80:80 httpd\n        ExecStop=/usr/bin/docker stop --time 5 webserver",
                            "template": "#cloud-config\n\ncoreos:\n  units:\n    - name: \"docker-webserver.service\"\n      command: \"start\"\n      content: |\n        [Unit]\n        Description=Webserver container\n        Author=Petr Pliska\n        After=docker.service\n        [Service]\n        Restart=always\n        ExecStart=/usr/bin/docker run --name webserver --publish 80:80 httpd\n        ExecStop=/usr/bin/docker stop --time 5 webserver"
                        },
                        "meta": {},
                        "tainted": false
                    },
                    "deposed": [],
                    "provider": "provider.template"
                },
                "digitalocean_droplet.coreos": {
                    "type": "digitalocean_droplet",
                    "depends_on": [
                        "data.template_file.cloud-config"
                    ],
                    "primary": {
                        "id": "140556611",
                        "attributes": {
                            "backups": "false",
                            "disk": "160",
                            "id": "140556611",
                            "image": "coreos-stable",
                            "ipv4_address": "68.183.209.83",
                            "ipv4_address_private": "10.135.96.7",
                            "ipv6": "true",
                            "ipv6_address": "2a03:b0c0:3:e0::1a0:c001",
                            "ipv6_address_private": "",
                            "locked": "false",
                            "memory": "8192",
                            "monitoring": "false",
                            "name": "coreos",
                            "price_hourly": "0.05952",
                            "price_monthly": "40",
                            "private_networking": "true",
                            "region": "fra1",
                            "resize_disk": "true",
                            "size": "s-4vcpu-8gb",
                            "ssh_keys.#": "1",
                            "ssh_keys.3489556733": "22987790",
                            "status": "active",
                            "tags.#": "0",
                            "user_data": "0527aa52616b0e9f08f9571897a5ad997d13e8ba",
                            "vcpus": "4",
                            "volume_ids.#": "0"
                        },
                        "meta": {
                            "schema_version": "1"
                        },
                        "tainted": false
                    },
                    "deposed": [],
                    "provider": "provider.digitalocean"
                },
                "digitalocean_floating_ip.coreos": {
                    "type": "digitalocean_floating_ip",
                    "depends_on": [],
                    "primary": {
                        "id": "157.230.77.31",
                        "attributes": {
                            "id": "157.230.77.31",
                            "ip_address": "157.230.77.31",
                            "region": "fra1"
                        },
                        "meta": {},
                        "tainted": false
                    },
                    "deposed": [],
                    "provider": "provider.digitalocean"
                },
                "digitalocean_floating_ip_assignment.coreos": {
                    "type": "digitalocean_floating_ip_assignment",
                    "depends_on": [
                        "digitalocean_droplet.coreos",
                        "digitalocean_floating_ip.coreos"
                    ],
                    "primary": {
                        "id": "140556611-157.230.77.31-20190418164930608700000001",
                        "attributes": {
                            "droplet_id": "140556611",
                            "id": "140556611-157.230.77.31-20190418164930608700000001",
                            "ip_address": "157.230.77.31"
                        },
                        "meta": {},
                        "tainted": false
                    },
                    "deposed": [],
                    "provider": "provider.digitalocean"
                }
            },
            "depends_on": []
        }
    ]
}
