{
    "version": 3,
    "terraform_version": "0.11.10",
    "serial": 18,
    "lineage": "1d4554b3-8fcb-c508-a826-71a888a8eb94",
    "modules": [
        {
            "path": [
                "root"
            ],
            "outputs": {
                "droplet-ip": {
                    "sensitive": false,
                    "type": "string",
                    "value": "68.183.209.66"
                }
            },
            "resources": {
                "digitalocean_droplet.ubuntu-mutable": {
                    "type": "digitalocean_droplet",
                    "depends_on": [],
                    "primary": {
                        "id": "140549500",
                        "attributes": {
                            "backups": "false",
                            "disk": "160",
                            "id": "140549500",
                            "image": "ubuntu-18-04-x64",
                            "ipv4_address": "68.183.209.66",
                            "ipv4_address_private": "",
                            "ipv6": "false",
                            "ipv6_address": "",
                            "ipv6_address_private": "",
                            "locked": "false",
                            "memory": "8192",
                            "monitoring": "false",
                            "name": "ubuntu-mutable-2",
                            "price_hourly": "0.05952",
                            "price_monthly": "40",
                            "private_networking": "false",
                            "region": "fra1",
                            "resize_disk": "true",
                            "size": "s-4vcpu-8gb",
                            "ssh_keys.#": "1",
                            "ssh_keys.3489556733": "22987790",
                            "status": "active",
                            "tags.#": "0",
                            "vcpus": "4",
                            "volume_ids.#": "0"
                        },
                        "meta": {
                            "schema_version": "1"
                        },
                        "tainted": false
                    },
                    "deposed": [],
                    "provider": "provider.digitalocean"
                }
            },
            "depends_on": []
        }
    ]
}
